
Microsoft Visual Studio Solution File, Format Version 12.00
# Visual Studio Version 17
VisualStudioVersion = 17.5.33627.172
MinimumVisualStudioVersion = 10.0.40219.1
Project("{FAE04EC0-301F-11D3-BF4B-00C04F79EFBC}") = "lab-scape", "lab-scape.csproj", "{FFE93BAB-2BC4-46AD-AE5A-E35809D67B4B}"
EndProject
Global
	GlobalSection(SolutionConfigurationPlatforms) = preSolution
		Debug|Any CPU = Debug|Any CPU
		Release|Any CPU = Release|Any CPU
	EndGlobalSection
	GlobalSection(ProjectConfigurationPlatforms) = postSolution
		{FFE93BAB-2BC4-46AD-AE5A-E35809D67B4B}.Debug|Any CPU.ActiveCfg = Debug|Any CPU
		{FFE93BAB-2BC4-46AD-AE5A-E35809D67B4B}.Debug|Any CPU.Build.0 = Debug|Any CPU
		{FFE93BAB-2BC4-46AD-AE5A-E35809D67B4B}.Release|Any CPU.ActiveCfg = Release|Any CPU
		{FFE93BAB-2BC4-46AD-AE5A-E35809D67B4B}.Release|Any CPU.Build.0 = Release|Any CPU
	EndGlobalSection
	GlobalSection(SolutionProperties) = preSolution
		HideSolutionNode = FALSE
	EndGlobalSection
	GlobalSection(ExtensibilityGlobals) = postSolution
		SolutionGuid = {9821F875-FCFC-4035-9D12-2D2698A0BEB3}
	EndGlobalSection
EndGlobal
